
Microsoft Visual Studio Solution File, Format Version 12.00
# Visual Studio 2013
VisualStudioVersion = 12.0.21005.1
MinimumVisualStudioVersion = 10.0.40219.1
Project("{8BC9CEB8-8B4A-11D0-8D11-00A0C91BC942}") = "DataSource", "DataSource\DataSource.vcxproj", "{7CC5DD69-42DE-429C-8F8F-2827E13A454A}"
EndProject
Project("{8BC9CEB8-8B4A-11D0-8D11-00A0C91BC942}") = "Aggregator", "Aggregator\Aggregator.vcxproj", "{825F23FF-965C-4EF6-A4B7-5AC196058C91}"
EndProject
Project("{8BC9CEB8-8B4A-11D0-8D11-00A0C91BC942}") = "DataDestination", "DataDestination\DataDestination.vcxproj", "{3C23D359-22FC-4A45-83BD-42C63FA387A5}"
EndProject
Project("{8BC9CEB8-8B4A-11D0-8D11-00A0C91BC942}") = "Common", "Common\Common.vcxproj", "{3E11EFA5-9982-40C6-A62E-048A575B837C}"
EndProject
Global
	GlobalSection(SolutionConfigurationPlatforms) = preSolution
		Debug|Win32 = Debug|Win32
		Release|Win32 = Release|Win32
	EndGlobalSection
	GlobalSection(ProjectConfigurationPlatforms) = postSolution
		{7CC5DD69-42DE-429C-8F8F-2827E13A454A}.Debug|Win32.ActiveCfg = Debug|Win32
		{7CC5DD69-42DE-429C-8F8F-2827E13A454A}.Debug|Win32.Build.0 = Debug|Win32
		{7CC5DD69-42DE-429C-8F8F-2827E13A454A}.Release|Win32.ActiveCfg = Release|Win32
		{7CC5DD69-42DE-429C-8F8F-2827E13A454A}.Release|Win32.Build.0 = Release|Win32
		{825F23FF-965C-4EF6-A4B7-5AC196058C91}.Debug|Win32.ActiveCfg = Debug|Win32
		{825F23FF-965C-4EF6-A4B7-5AC196058C91}.Debug|Win32.Build.0 = Debug|Win32
		{825F23FF-965C-4EF6-A4B7-5AC196058C91}.Release|Win32.ActiveCfg = Release|Win32
		{825F23FF-965C-4EF6-A4B7-5AC196058C91}.Release|Win32.Build.0 = Release|Win32
		{3C23D359-22FC-4A45-83BD-42C63FA387A5}.Debug|Win32.ActiveCfg = Debug|Win32
		{3C23D359-22FC-4A45-83BD-42C63FA387A5}.Debug|Win32.Build.0 = Debug|Win32
		{3C23D359-22FC-4A45-83BD-42C63FA387A5}.Release|Win32.ActiveCfg = Release|Win32
		{3C23D359-22FC-4A45-83BD-42C63FA387A5}.Release|Win32.Build.0 = Release|Win32
		{3E11EFA5-9982-40C6-A62E-048A575B837C}.Debug|Win32.ActiveCfg = Debug|Win32
		{3E11EFA5-9982-40C6-A62E-048A575B837C}.Debug|Win32.Build.0 = Debug|Win32
		{3E11EFA5-9982-40C6-A62E-048A575B837C}.Release|Win32.ActiveCfg = Release|Win32
		{3E11EFA5-9982-40C6-A62E-048A575B837C}.Release|Win32.Build.0 = Release|Win32
	EndGlobalSection
	GlobalSection(SolutionProperties) = preSolution
		HideSolutionNode = FALSE
	EndGlobalSection
EndGlobal
